
Microsoft Visual Studio Solution File, Format Version 12.00
# Visual Studio Version 17
VisualStudioVersion = 17.14.36930.0 d17.14
MinimumVisualStudioVersion = 10.0.40219.1
Project("{FAE04EC0-301F-11D3-BF4B-00C04F79EFBC}") = "DesignPatternComposite", "DesignPatternComposite.csproj", "{1E02D5B6-EE92-4FD8-86CD-0E6B33902708}"
EndProject
Global
	GlobalSection(SolutionConfigurationPlatforms) = preSolution
		Debug|Any CPU = Debug|Any CPU
		Release|Any CPU = Release|Any CPU
	EndGlobalSection
	GlobalSection(ProjectConfigurationPlatforms) = postSolution
		{1E02D5B6-EE92-4FD8-86CD-0E6B33902708}.Debug|Any CPU.ActiveCfg = Debug|Any CPU
		{1E02D5B6-EE92-4FD8-86CD-0E6B33902708}.Debug|Any CPU.Build.0 = Debug|Any CPU
		{1E02D5B6-EE92-4FD8-86CD-0E6B33902708}.Release|Any CPU.ActiveCfg = Release|Any CPU
		{1E02D5B6-EE92-4FD8-86CD-0E6B33902708}.Release|Any CPU.Build.0 = Release|Any CPU
	EndGlobalSection
	GlobalSection(SolutionProperties) = preSolution
		HideSolutionNode = FALSE
	EndGlobalSection
	GlobalSection(ExtensibilityGlobals) = postSolution
		SolutionGuid = {6A01818B-2C4A-4919-8065-64BCFD613F16}
	EndGlobalSection
EndGlobal
